{
  "name": "compose",
  "version": "1.0.0",
  "lockfileVersion": 3,
  "requires": true,
  "packages": {
    "": {
      "name": "compose",
      "version": "1.0.0",
      "license": "ISC",
      "dependencies": {
        "rensa": "file:../../../rensa"
      }
    },
    "../../../rensa": {
      "version": "2.1.2",
      "license": "MIT",
      "dependencies": {
        "chalk": "^5.4.1",
        "commander": "^13.1.0",
        "mime": "^4.0.6",
        "watchpack": "^2.4.2"
      },
      "bin": {
        "rensa": "dist/cli/main.js"
      },
      "devDependencies": {
        "@types/ejs": "^3.1.5",
        "@types/node": "^22.15.3",
        "jido": "^1.0.4",
        "ts-node": "^10.9.2",
        "tsx": "^4.19.4",
        "typescript": "^5.8.3"
      },
      "funding": {
        "type": "buymeacoffee",
        "url": "https://buymeacoffee.com/aetherflux"
      },
      "peerDependencies": {
        "ejs": "^3.1.10"
      }
    },
    "node_modules/rensa": {
      "resolved": "../../../rensa",
      "link": true
    }
  }
}
